// !$*UTF8*$!
{
	archiveVersion = 1;
	classes = {
	};
	objectVersion = 50;
	objects = {

/* Begin PBXBuildFile section */
		EC091CFC20FFE53000AF40D0 /* AppDelegate.swift in Sources */ = {isa = PBXBuildFile; fileRef = EC091CFB20FFE53000AF40D0 /* AppDelegate.swift */; };
		EC091CFE20FFE53000AF40D0 /* ViewController.swift in Sources */ = {isa = PBXBuildFile; fileRef = EC091CFD20FFE53000AF40D0 /* ViewController.swift */; };
		EC091D0120FFE53000AF40D0 /* Main.storyboard in Resources */ = {isa = PBXBuildFile; fileRef = EC091CFF20FFE53000AF40D0 /* Main.storyboard */; };
		EC091D0320FFE53000AF40D0 /* Assets.xcassets in Resources */ = {isa = PBXBuildFile; fileRef = EC091D0220FFE53000AF40D0 /* Assets.xcassets */; };
		EC091D0620FFE53000AF40D0 /* LaunchScreen.storyboard in Resources */ = {isa = PBXBuildFile; fileRef = EC091D0420FFE53000AF40D0 /* LaunchScreen.storyboard */; };
		EC091D0F20FFE62300AF40D0 /* SVProgressHUD.framework in Frameworks */ = {isa = PBXBuildFile; fileRef = EC091D0D20FFE62300AF40D0 /* SVProgressHUD.framework */; };
		EC091D1020FFE62300AF40D0 /* SVProgressHUD.framework in Embed Frameworks */ = {isa = PBXBuildFile; fileRef = EC091D0D20FFE62300AF40D0 /* SVProgressHUD.framework */; settings = {ATTRIBUTES = (CodeSignOnCopy, RemoveHeadersOnCopy, ); }; };
		EC091D1120FFE62300AF40D0 /* VisualRecognitionV3.framework in Frameworks */ = {isa = PBXBuildFile; fileRef = EC091D0E20FFE62300AF40D0 /* VisualRecognitionV3.framework */; };
		EC091D1220FFE62300AF40D0 /* VisualRecognitionV3.framework in Embed Frameworks */ = {isa = PBXBuildFile; fileRef = EC091D0E20FFE62300AF40D0 /* VisualRecognitionV3.framework */; settings = {ATTRIBUTES = (CodeSignOnCopy, RemoveHeadersOnCopy, ); }; };
/* End PBXBuildFile section */

/* Begin PBXCopyFilesBuildPhase section */
		EC091D1320FFE62400AF40D0 /* Embed Frameworks */ = {
			isa = PBXCopyFilesBuildPhase;
			buildActionMask = 2147483647;
			dstPath = "";
			dstSubfolderSpec = 10;
			files = (
				EC091D1020FFE62300AF40D0 /* SVProgressHUD.framework in Embed Frameworks */,
				EC091D1220FFE62300AF40D0 /* VisualRecognitionV3.framework in Embed Frameworks */,
			);
			name = "Embed Frameworks";
			runOnlyForDeploymentPostprocessing = 0;
		};
/* End PBXCopyFilesBuildPhase section */

/* Begin PBXFileReference section */
		EC091CF820FFE53000AF40D0 /* seeFood3.app */ = {isa = PBXFileReference; explicitFileType = wrapper.application; includeInIndex = 0; path = seeFood3.app; sourceTree = BUILT_PRODUCTS_DIR; };
		EC091CFB20FFE53000AF40D0 /* AppDelegate.swift */ = {isa = PBXFileReference; lastKnownFileType = sourcecode.swift; path = AppDelegate.swift; sourceTree = "<group>"; };
		EC091CFD20FFE53000AF40D0 /* ViewController.swift */ = {isa = PBXFileReference; lastKnownFileType = sourcecode.swift; path = ViewController.swift; sourceTree = "<group>"; };
		EC091D0020FFE53000AF40D0 /* Base */ = {isa = PBXFileReference; lastKnownFileType = file.storyboard; name = Base; path = Base.lproj/Main.storyboard; sourceTree = "<group>"; };
		EC091D0220FFE53000AF40D0 /* Assets.xcassets */ = {isa = PBXFileReference; lastKnownFileType = folder.assetcatalog; path = Assets.xcassets; sourceTree = "<group>"; };
		EC091D0520FFE53000AF40D0 /* Base */ = {isa = PBXFileReference; lastKnownFileType = file.storyboard; name = Base; path = Base.lproj/LaunchScreen.storyboard; sourceTree = "<group>"; };
		EC091D0720FFE53000AF40D0 /* Info.plist */ = {isa = PBXFileReference; lastKnownFileType = text.plist.xml; path = Info.plist; sourceTree = "<group>"; };
		EC091D0D20FFE62300AF40D0 /* SVProgressHUD.framework */ = {isa = PBXFileReference; lastKnownFileType = wrapper.framework; name = SVProgressHUD.framework; path = Carthage/Build/iOS/SVProgressHUD.framework; sourceTree = "<group>"; };
		EC091D0E20FFE62300AF40D0 /* VisualRecognitionV3.framework */ = {isa = PBXFileReference; lastKnownFileType = wrapper.framework; name = VisualRecognitionV3.framework; path = Carthage/Build/iOS/VisualRecognitionV3.framework; sourceTree = "<group>"; };
/* End PBXFileReference section */

/* Begin PBXFrameworksBuildPhase section */
		EC091CF520FFE53000AF40D0 /* Frameworks */ = {
			isa = PBXFrameworksBuildPhase;
			buildActionMask = 2147483647;
			files = (
				EC091D0F20FFE62300AF40D0 /* SVProgressHUD.framework in Frameworks */,
				EC091D1120FFE62300AF40D0 /* VisualRecognitionV3.framework in Frameworks */,
			);
			runOnlyForDeploymentPostprocessing = 0;
		};
/* End PBXFrameworksBuildPhase section */

/* Begin PBXGroup section */
		EC091CEF20FFE53000AF40D0 = {
			isa = PBXGroup;
			children = (
				EC091D0D20FFE62300AF40D0 /* SVProgressHUD.framework */,
				EC091D0E20FFE62300AF40D0 /* VisualRecognitionV3.framework */,
				EC091CFA20FFE53000AF40D0 /* seeFood3 */,
				EC091CF920FFE53000AF40D0 /* Products */,
			);
			sourceTree = "<group>";
		};
		EC091CF920FFE53000AF40D0 /* Products */ = {
			isa = PBXGroup;
			children = (
				EC091CF820FFE53000AF40D0 /* seeFood3.app */,
			);
			name = Products;
			sourceTree = "<group>";
		};
		EC091CFA20FFE53000AF40D0 /* seeFood3 */ = {
			isa = PBXGroup;
			children = (
				EC091CFB20FFE53000AF40D0 /* AppDelegate.swift */,
				EC091CFD20FFE53000AF40D0 /* ViewController.swift */,
				EC091CFF20FFE53000AF40D0 /* Main.storyboard */,
				EC091D0220FFE53000AF40D0 /* Assets.xcassets */,
				EC091D0420FFE53000AF40D0 /* LaunchScreen.storyboard */,
				EC091D0720FFE53000AF40D0 /* Info.plist */,
			);
			path = seeFood3;
			sourceTree = "<group>";
		};
/* End PBXGroup section */

/* Begin PBXNativeTarget section */
		EC091CF720FFE53000AF40D0 /* seeFood3 */ = {
			isa = PBXNativeTarget;
			buildConfigurationList = EC091D0A20FFE53000AF40D0 /* Build configuration list for PBXNativeTarget "seeFood3" */;
			buildPhases = (
				EC091CF420FFE53000AF40D0 /* Sources */,
				EC091CF520FFE53000AF40D0 /* Frameworks */,
				EC091CF620FFE53000AF40D0 /* Resources */,
				EC091D1320FFE62400AF40D0 /* Embed Frameworks */,
			);
			buildRules = (
			);
			dependencies = (
			);
			name = seeFood3;
			productName = seeFood3;
			productReference = EC091CF820FFE53000AF40D0 /* seeFood3.app */;
			productType = "com.apple.product-type.application";
		};
/* End PBXNativeTarget section */

/* Begin PBXProject section */
		EC091CF020FFE53000AF40D0 /* Project object */ = {
			isa = PBXProject;
			attributes = {
				LastSwiftUpdateCheck = 0940;
				LastUpgradeCheck = 0940;
				ORGANIZATIONNAME = "John Fake";
				TargetAttributes = {
					EC091CF720FFE53000AF40D0 = {
						CreatedOnToolsVersion = 9.4.1;
					};
				};
			};
			buildConfigurationList = EC091CF320FFE53000AF40D0 /* Build configuration list for PBXProject "seeFood3" */;
			compatibilityVersion = "Xcode 9.3";
			developmentRegion = en;
			hasScannedForEncodings = 0;
			knownRegions = (
				en,
				Base,
			);
			mainGroup = EC091CEF20FFE53000AF40D0;
			productRefGroup = EC091CF920FFE53000AF40D0 /* Products */;
			projectDirPath = "";
			projectRoot = "";
			targets = (
				EC091CF720FFE53000AF40D0 /* seeFood3 */,
			);
		};
/* End PBXProject section */

/* Begin PBXResourcesBuildPhase section */
		EC091CF620FFE53000AF40D0 /* Resources */ = {
			isa = PBXResourcesBuildPhase;
			buildActionMask = 2147483647;
			files = (
				EC091D0620FFE53000AF40D0 /* LaunchScreen.storyboard in Resources */,
				EC091D0320FFE53000AF40D0 /* Assets.xcassets in Resources */,
				EC091D0120FFE53000AF40D0 /* Main.storyboard in Resources */,
			);
			runOnlyForDeploymentPostprocessing = 0;
		};
/* End PBXResourcesBuildPhase section */

/* Begin PBXSourcesBuildPhase section */
		EC091CF420FFE53000AF40D0 /* Sources */ = {
			isa = PBXSourcesBuildPhase;
			buildActionMask = 2147483647;
			files = (
				EC091CFE20FFE53000AF40D0 /* ViewController.swift in Sources */,
				EC091CFC20FFE53000AF40D0 /* AppDelegate.swift in Sources */,
			);
			runOnlyForDeploymentPostprocessing = 0;
		};
/* End PBXSourcesBuildPhase section */

/* Begin PBXVariantGroup section */
		EC091CFF20FFE53000AF40D0 /* Main.storyboard */ = {
			isa = PBXVariantGroup;
			children = (
				EC091D0020FFE53000AF40D0 /* Base */,
			);
			name = Main.storyboard;
			sourceTree = "<group>";
		};
		EC091D0420FFE53000AF40D0 /* LaunchScreen.storyboard */ = {
			isa = PBXVariantGroup;
			children = (
				EC091D0520FFE53000AF40D0 /* Base */,
			);
			name = LaunchScreen.storyboard;
			sourceTree = "<group>";
		};
/* End PBXVariantGroup section */

/* Begin XCBuildConfiguration section */
		EC091D0820FFE53000AF40D0 /* Debug */ = {
			isa = XCBuildConfiguration;
			buildSettings = {
				ALWAYS_SEARCH_USER_PATHS = NO;
				CLANG_ANALYZER_NONNULL = YES;
				CLANG_ANALYZER_NUMBER_OBJECT_CONVERSION = YES_AGGRESSIVE;
				CLANG_CXX_LANGUAGE_STANDARD = "gnu++14";
				CLANG_CXX_LIBRARY = "libc++";
				CLANG_ENABLE_MODULES = YES;
				CLANG_ENABLE_OBJC_ARC = YES;
				CLANG_ENABLE_OBJC_WEAK = YES;
				CLANG_WARN_BLOCK_CAPTURE_AUTORELEASING = YES;
				CLANG_WARN_BOOL_CONVERSION = YES;
				CLANG_WARN_COMMA = YES;
				CLANG_WARN_CONSTANT_CONVERSION = YES;
				CLANG_WARN_DEPRECATED_OBJC_IMPLEMENTATIONS = YES;
				CLANG_WARN_DIRECT_OBJC_ISA_USAGE = YES_ERROR;
				CLANG_WARN_DOCUMENTATION_COMMENTS = YES;
				CLANG_WARN_EMPTY_BODY = YES;
				CLANG_WARN_ENUM_CONVERSION = YES;
				CLANG_WARN_INFINITE_RECURSION = YES;
				CLANG_WARN_INT_CONVERSION = YES;
				CLANG_WARN_NON_LITERAL_NULL_CONVERSION = YES;
				CLANG_WARN_OBJC_IMPLICIT_RETAIN_SELF = YES;
				CLANG_WARN_OBJC_LITERAL_CONVERSION = YES;
				CLANG_WARN_OBJC_ROOT_CLASS = YES_ERROR;
				CLANG_WARN_RANGE_LOOP_ANALYSIS = YES;
				CLANG_WARN_STRICT_PROTOTYPES = YES;
				CLANG_WARN_SUSPICIOUS_MOVE = YES;
				CLANG_WARN_UNGUARDED_AVAILABILITY = YES_AGGRESSIVE;
				CLANG_WARN_UNREACHABLE_CODE = YES;
				CLANG_WARN__DUPLICATE_METHOD_MATCH = YES;
				CODE_SIGN_IDENTITY = "iPhone Developer";
				COPY_PHASE_STRIP = NO;
				DEBUG_INFORMATION_FORMAT = dwarf;
				ENABLE_STRICT_OBJC_MSGSEND = YES;
				ENABLE_TESTABILITY = YES;
				GCC_C_LANGUAGE_STANDARD = gnu11;
				GCC_DYNAMIC_NO_PIC = NO;
				GCC_NO_COMMON_BLOCKS = YES;
				GCC_OPTIMIZATION_LEVEL = 0;
				GCC_PREPROCESSOR_DEFINITIONS = (
					"DEBUG=1",
					"$(inherited)",
				);
				GCC_WARN_64_TO_32_BIT_CONVERSION = YES;
				GCC_WARN_ABOUT_RETURN_TYPE = YES_ERROR;
				GCC_WARN_UNDECLARED_SELECTOR = YES;
				GCC_WARN_UNINITIALIZED_AUTOS = YES_AGGRESSIVE;
				GCC_WARN_UNUSED_FUNCTION = YES;
				GCC_WARN_UNUSED_VARIABLE = YES;
				IPHONEOS_DEPLOYMENT_TARGET = 11.4;
				MTL_ENABLE_DEBUG_INFO = YES;
				ONLY_ACTIVE_ARCH = YES;
				SDKROOT = iphoneos;
				SWIFT_ACTIVE_COMPILATION_CONDITIONS = DEBUG;
				SWIFT_OPTIMIZATION_LEVEL = "-Onone";
			};
			name = Debug;
		};
		EC091D0920FFE53000AF40D0 /* Release */ = {
			isa = XCBuildConfiguration;
			buildSettings = {
				ALWAYS_SEARCH_USER_PATHS = NO;
				CLANG_ANALYZER_NONNULL = YES;
				CLANG_ANALYZER_NUMBER_OBJECT_CONVERSION = YES_AGGRESSIVE;
				CLANG_CXX_LANGUAGE_STANDARD = "gnu++14";
				CLANG_CXX_LIBRARY = "libc++";
				CLANG_ENABLE_MODULES = YES;
				CLANG_ENABLE_OBJC_ARC = YES;
				CLANG_ENABLE_OBJC_WEAK = YES;
				CLANG_WARN_BLOCK_CAPTURE_AUTORELEASING = YES;
				CLANG_WARN_BOOL_CONVERSION = YES;
				CLANG_WARN_COMMA = YES;
				CLANG_WARN_CONSTANT_CONVERSION = YES;
				CLANG_WARN_DEPRECATED_OBJC_IMPLEMENTATIONS = YES;
				CLANG_WARN_DIRECT_OBJC_ISA_USAGE = YES_ERROR;
				CLANG_WARN_DOCUMENTATION_COMMENTS = YES;
				CLANG_WARN_EMPTY_BODY = YES;
				CLANG_WARN_ENUM_CONVERSION = YES;
				CLANG_WARN_INFINITE_RECURSION = YES;
				CLANG_WARN_INT_CONVERSION = YES;
				CLANG_WARN_NON_LITERAL_NULL_CONVERSION = YES;
				CLANG_WARN_OBJC_IMPLICIT_RETAIN_SELF = YES;
				CLANG_WARN_OBJC_LITERAL_CONVERSION = YES;
				CLANG_WARN_OBJC_ROOT_CLASS = YES_ERROR;
				CLANG_WARN_RANGE_LOOP_ANALYSIS = YES;
				CLANG_WARN_STRICT_PROTOTYPES = YES;
				CLANG_WARN_SUSPICIOUS_MOVE = YES;
				CLANG_WARN_UNGUARDED_AVAILABILITY = YES_AGGRESSIVE;
				CLANG_WARN_UNREACHABLE_CODE = YES;
				CLANG_WARN__DUPLICATE_METHOD_MATCH = YES;
				CODE_SIGN_IDENTITY = "iPhone Developer";
				COPY_PHASE_STRIP = NO;
				DEBUG_INFORMATION_FORMAT = "dwarf-with-dsym";
				ENABLE_NS_ASSERTIONS = NO;
				ENABLE_STRICT_OBJC_MSGSEND = YES;
				GCC_C_LANGUAGE_STANDARD = gnu11;
				GCC_NO_COMMON_BLOCKS = YES;
				GCC_WARN_64_TO_32_BIT_CONVERSION = YES;
				GCC_WARN_ABOUT_RETURN_TYPE = YES_ERROR;
				GCC_WARN_UNDECLARED_SELECTOR = YES;
				GCC_WARN_UNINITIALIZED_AUTOS = YES_AGGRESSIVE;
				GCC_WARN_UNUSED_FUNCTION = YES;
				GCC_WARN_UNUSED_VARIABLE = YES;
				IPHONEOS_DEPLOYMENT_TARGET = 11.4;
				MTL_ENABLE_DEBUG_INFO = NO;
				SDKROOT = iphoneos;
				SWIFT_COMPILATION_MODE = wholemodule;
				SWIFT_OPTIMIZATION_LEVEL = "-O";
				VALIDATE_PRODUCT = YES;
			};
			name = Release;
		};
		EC091D0B20FFE53000AF40D0 /* Debug */ = {
			isa = XCBuildConfiguration;
			buildSettings = {
				ASSETCATALOG_COMPILER_APPICON_NAME = AppIcon;
				CODE_SIGN_STYLE = Automatic;
				DEVELOPMENT_TEAM = G7HH7UJ46Q;
				FRAMEWORK_SEARCH_PATHS = (
					"$(inherited)",
					"$(PROJECT_DIR)/Carthage/Build/iOS",
				);
				INFOPLIST_FILE = seeFood3/Info.plist;
				LD_RUNPATH_SEARCH_PATHS = (
					"$(inherited)",
					"@executable_path/Frameworks",
				);
				PRODUCT_BUNDLE_IDENTIFIER = com.jwfake.seeFood3;
				PRODUCT_NAME = "$(TARGET_NAME)";
				SWIFT_VERSION = 4.0;
				TARGETED_DEVICE_FAMILY = "1,2";
			};
			name = Debug;
		};
		EC091D0C20FFE53000AF40D0 /* Release */ = {
			isa = XCBuildConfiguration;
			buildSettings = {
				ASSETCATALOG_COMPILER_APPICON_NAME = AppIcon;
				CODE_SIGN_STYLE = Automatic;
				DEVELOPMENT_TEAM = G7HH7UJ46Q;
				FRAMEWORK_SEARCH_PATHS = (
					"$(inherited)",
					"$(PROJECT_DIR)/Carthage/Build/iOS",
				);
				INFOPLIST_FILE = seeFood3/Info.plist;
				LD_RUNPATH_SEARCH_PATHS = (
					"$(inherited)",
					"@executable_path/Frameworks",
				);
				PRODUCT_BUNDLE_IDENTIFIER = com.jwfake.seeFood3;
				PRODUCT_NAME = "$(TARGET_NAME)";
				SWIFT_VERSION = 4.0;
				TARGETED_DEVICE_FAMILY = "1,2";
			};
			name = Release;
		};
/* End XCBuildConfiguration section */

/* Begin XCConfigurationList section */
		EC091CF320FFE53000AF40D0 /* Build configuration list for PBXProject "seeFood3" */ = {
			isa = XCConfigurationList;
			buildConfigurations = (
				EC091D0820FFE53000AF40D0 /* Debug */,
				EC091D0920FFE53000AF40D0 /* Release */,
			);
			defaultConfigurationIsVisible = 0;
			defaultConfigurationName = Release;
		};
		EC091D0A20FFE53000AF40D0 /* Build configuration list for PBXNativeTarget "seeFood3" */ = {
			isa = XCConfigurationList;
			buildConfigurations = (
				EC091D0B20FFE53000AF40D0 /* Debug */,
				EC091D0C20FFE53000AF40D0 /* Release */,
			);
			defaultConfigurationIsVisible = 0;
			defaultConfigurationName = Release;
		};
/* End XCConfigurationList section */
	};
	rootObject = EC091CF020FFE53000AF40D0 /* Project object */;
}
